// !$*UTF8*$!
{
	archiveVersion = 1;
	classes = {
	};
	objectVersion = 55;
	objects = {

/* Begin PBXBuildFile section */
		46C77C2CCF2EE2A9862595EF /* libPods-PartyGames.a in Frameworks */ = {isa = PBXBuildFile; fileRef = 1820B561B18CA6B875DE05D5 /* libPods-PartyGames.a */; };
		AB0E9FCD289801100030C9EE /* DiceForm.swift in Sources */ = {isa = PBXBuildFile; fileRef = AB0E9FCC289801100030C9EE /* DiceForm.swift */; };
		AB0E9FCE289801100030C9EE /* DiceForm.swift in Sources */ = {isa = PBXBuildFile; fileRef = AB0E9FCC289801100030C9EE /* DiceForm.swift */; };
		AB23BAF52897D2840041179B /* DiceFaceUI.swift in Sources */ = {isa = PBXBuildFile; fileRef = AB23BAF42897D2840041179B /* DiceFaceUI.swift */; };
		AB301CC82869DFDF0054DAE5 /* Podfile in Resources */ = {isa = PBXBuildFile; fileRef = AB301CC72869DFDE0054DAE5 /* Podfile */; };
		AB30D6632897BFE5002511DC /* ColorExtention.swift in Sources */ = {isa = PBXBuildFile; fileRef = AB30D6622897BFE5002511DC /* ColorExtention.swift */; };
		AB346736284F23FF006B312F /* PartyGamesApp.swift in Sources */ = {isa = PBXBuildFile; fileRef = AB346735284F23FF006B312F /* PartyGamesApp.swift */; };
		AB346738284F23FF006B312F /* ContentView.swift in Sources */ = {isa = PBXBuildFile; fileRef = AB346737284F23FF006B312F /* ContentView.swift */; };
		AB34673A284F2401006B312F /* Assets.xcassets in Resources */ = {isa = PBXBuildFile; fileRef = AB346739284F2401006B312F /* Assets.xcassets */; };
		AB34673D284F2401006B312F /* Preview Assets.xcassets in Resources */ = {isa = PBXBuildFile; fileRef = AB34673C284F2401006B312F /* Preview Assets.xcassets */; };
		AB346744284F244C006B312F /* QuestionCardsStackView.swift in Sources */ = {isa = PBXBuildFile; fileRef = AB346743284F244C006B312F /* QuestionCardsStackView.swift */; };
		AB346746284F2D66006B312F /* Card.swift in Sources */ = {isa = PBXBuildFile; fileRef = AB346745284F2D66006B312F /* Card.swift */; };
		AB346748284F2DAF006B312F /* QuestionDeck.swift in Sources */ = {isa = PBXBuildFile; fileRef = AB346747284F2DAF006B312F /* QuestionDeck.swift */; };
		AB34674A284F2E10006B312F /* CardView.swift in Sources */ = {isa = PBXBuildFile; fileRef = AB346749284F2E10006B312F /* CardView.swift */; };
		AB34674E284F365A006B312F /* SlapTheQueenGameView.swift in Sources */ = {isa = PBXBuildFile; fileRef = AB34674D284F365A006B312F /* SlapTheQueenGameView.swift */; };
		AB346750284F40DA006B312F /* Deck.swift in Sources */ = {isa = PBXBuildFile; fileRef = AB34674F284F40DA006B312F /* Deck.swift */; };
		AB346752284F410D006B312F /* QuestionCard.swift in Sources */ = {isa = PBXBuildFile; fileRef = AB346751284F410D006B312F /* QuestionCard.swift */; };
		AB346754284F491B006B312F /* QuestionCardView.swift in Sources */ = {isa = PBXBuildFile; fileRef = AB346753284F491B006B312F /* QuestionCardView.swift */; };
		AB346756284F6478006B312F /* StandardCustomization.swift in Sources */ = {isa = PBXBuildFile; fileRef = AB346755284F6478006B312F /* StandardCustomization.swift */; };
		AB346758284F66DD006B312F /* Player.swift in Sources */ = {isa = PBXBuildFile; fileRef = AB346757284F66DD006B312F /* Player.swift */; };
		AB34675C284F7065006B312F /* SlapTheQueenGame.swift in Sources */ = {isa = PBXBuildFile; fileRef = AB34675B284F7065006B312F /* SlapTheQueenGame.swift */; };
		AB34675E284F8462006B312F /* SlapTheQueenRules.swift in Sources */ = {isa = PBXBuildFile; fileRef = AB34675D284F8462006B312F /* SlapTheQueenRules.swift */; };
		AB346760284F8BAF006B312F /* SmallNumberAndType.swift in Sources */ = {isa = PBXBuildFile; fileRef = AB34675F284F8BAF006B312F /* SmallNumberAndType.swift */; };
		AB34676228507D3C006B312F /* SettingsView.swift in Sources */ = {isa = PBXBuildFile; fileRef = AB34676128507D3C006B312F /* SettingsView.swift */; };
		AB3B97782862FD0500216EA2 /* PlayingCardTests.swift in Sources */ = {isa = PBXBuildFile; fileRef = AB3B97772862FD0500216EA2 /* PlayingCardTests.swift */; };
		AB3BE1B9287412B300D438BB /* RuleItemsView.swift in Sources */ = {isa = PBXBuildFile; fileRef = AB3BE1B8287412B300D438BB /* RuleItemsView.swift */; };
		AB3BE1BB28746E7A00D438BB /* ShopViewModel.swift in Sources */ = {isa = PBXBuildFile; fileRef = AB3BE1BA28746E7A00D438BB /* ShopViewModel.swift */; };
		AB3BE1BD287471E300D438BB /* CosmeticViews.swift in Sources */ = {isa = PBXBuildFile; fileRef = AB3BE1BC287471E300D438BB /* CosmeticViews.swift */; };
		AB3BE1BF2874757F00D438BB /* StandardTurnDisplayer.swift in Sources */ = {isa = PBXBuildFile; fileRef = AB3BE1BE2874757F00D438BB /* StandardTurnDisplayer.swift */; };
		AB3BE1C1287476AA00D438BB /* StandardBackOfCards.swift in Sources */ = {isa = PBXBuildFile; fileRef = AB3BE1C0287476AA00D438BB /* StandardBackOfCards.swift */; };
		AB3BE1C42875A7E200D438BB /* Cosmetics.swift in Sources */ = {isa = PBXBuildFile; fileRef = AB3BE1C32875A7E200D438BB /* Cosmetics.swift */; };
		AB45D4182897A60E008FC6A9 /* DicesGameView.swift in Sources */ = {isa = PBXBuildFile; fileRef = AB45D4172897A60E008FC6A9 /* DicesGameView.swift */; };
		AB45D4192897A60E008FC6A9 /* DicesGameView.swift in Sources */ = {isa = PBXBuildFile; fileRef = AB45D4172897A60E008FC6A9 /* DicesGameView.swift */; };
		AB45D41B2897A620008FC6A9 /* DicesGame.swift in Sources */ = {isa = PBXBuildFile; fileRef = AB45D41A2897A620008FC6A9 /* DicesGame.swift */; };
		AB45D41C2897A620008FC6A9 /* DicesGame.swift in Sources */ = {isa = PBXBuildFile; fileRef = AB45D41A2897A620008FC6A9 /* DicesGame.swift */; };
		AB463F2A2863298900C8056E /* QuestionGameTests.swift in Sources */ = {isa = PBXBuildFile; fileRef = AB463F292863298900C8056E /* QuestionGameTests.swift */; };
		AB463F2D28644C2700C8056E /* WaterfallGame.swift in Sources */ = {isa = PBXBuildFile; fileRef = AB463F2C28644C2700C8056E /* WaterfallGame.swift */; };
		AB463F2F28644CE200C8056E /* WaterfallCustomization.swift in Sources */ = {isa = PBXBuildFile; fileRef = AB463F2E28644CE200C8056E /* WaterfallCustomization.swift */; };
		AB463F3328649E0700C8056E /* WaterfallGameView.swift in Sources */ = {isa = PBXBuildFile; fileRef = AB463F3228649E0700C8056E /* WaterfallGameView.swift */; };
		AB463F3528649E2400C8056E /* WaterfallRules.swift in Sources */ = {isa = PBXBuildFile; fileRef = AB463F3428649E2400C8056E /* WaterfallRules.swift */; };
		AB463F3728649F3500C8056E /* ShopView.swift in Sources */ = {isa = PBXBuildFile; fileRef = AB463F3628649F3500C8056E /* ShopView.swift */; };
		AB51A1B3286C7CF60047631E /* MyNameIsTurnDisplay.swift in Sources */ = {isa = PBXBuildFile; fileRef = AB51A1B2286C7CF60047631E /* MyNameIsTurnDisplay.swift */; };
		AB51A1B6286C9EB50047631E /* SmallShopItemView.swift in Sources */ = {isa = PBXBuildFile; fileRef = AB51A1B5286C9EB50047631E /* SmallShopItemView.swift */; };
		AB8C4974286C35F400EA9CAC /* WaterfallHandsView.swift in Sources */ = {isa = PBXBuildFile; fileRef = AB8C4973286C35F400EA9CAC /* WaterfallHandsView.swift */; };
		AB946403289935AB001717E7 /* DicesRules.swift in Sources */ = {isa = PBXBuildFile; fileRef = AB946402289935AB001717E7 /* DicesRules.swift */; };
		AB946404289935AB001717E7 /* DicesRules.swift in Sources */ = {isa = PBXBuildFile; fileRef = AB946402289935AB001717E7 /* DicesRules.swift */; };
		AB9DCC8528585C2D0091185F /* SlapTheQueenGameOver.swift in Sources */ = {isa = PBXBuildFile; fileRef = AB9DCC8428585C2C0091185F /* SlapTheQueenGameOver.swift */; };
		AB9DCC8B28586EF00091185F /* PressStart2P-Regular.ttf in Resources */ = {isa = PBXBuildFile; fileRef = AB9DCC8A28586EF00091185F /* PressStart2P-Regular.ttf */; };
		AB9DCC92285878270091185F /* Localizable.strings in Sources */ = {isa = PBXBuildFile; fileRef = AB9DCC94285878270091185F /* Localizable.strings */; };
		AB9DCC982858A0C30091185F /* Filled.swift in Sources */ = {isa = PBXBuildFile; fileRef = AB9DCC972858A0C30091185F /* Filled.swift */; };
		AB9DCC9B2859BAA00091185F /* MainMenu.swift in Sources */ = {isa = PBXBuildFile; fileRef = AB9DCC9A2859BAA00091185F /* MainMenu.swift */; };
		AB9DCC9D2859BD140091185F /* GameItem.swift in Sources */ = {isa = PBXBuildFile; fileRef = AB9DCC9C2859BD140091185F /* GameItem.swift */; };
		AB9DCC9F2859C4100091185F /* Inconsolata.ttf in Resources */ = {isa = PBXBuildFile; fileRef = AB9DCC9E2859C4100091185F /* Inconsolata.ttf */; };
		AB9DCCA1285C67D90091185F /* QuestionGameRules.swift in Sources */ = {isa = PBXBuildFile; fileRef = AB9DCCA0285C67D90091185F /* QuestionGameRules.swift */; };
		AB9DCCA4285C8AF20091185F /* QuestionGame.swift in Sources */ = {isa = PBXBuildFile; fileRef = AB9DCCA3285C8AF20091185F /* QuestionGame.swift */; };
		ABDC7440286CAA4C0016DEBF /* ShopItem.swift in Sources */ = {isa = PBXBuildFile; fileRef = ABDC743F286CAA4C0016DEBF /* ShopItem.swift */; };
		ABDC7444286CCBD80016DEBF /* EmojiBackOfCard.swift in Sources */ = {isa = PBXBuildFile; fileRef = ABDC7443286CCBD80016DEBF /* EmojiBackOfCard.swift */; };
		ABDC7446286CCC0D0016DEBF /* GradientBackOfCard.swift in Sources */ = {isa = PBXBuildFile; fileRef = ABDC7445286CCC0D0016DEBF /* GradientBackOfCard.swift */; };
		ABDC7448286D75700016DEBF /* SmallDisplayBackOfCard.swift in Sources */ = {isa = PBXBuildFile; fileRef = ABDC7447286D75700016DEBF /* SmallDisplayBackOfCard.swift */; };
		ABDC744A286D785C0016DEBF /* ShopItemFrame.swift in Sources */ = {isa = PBXBuildFile; fileRef = ABDC7449286D785B0016DEBF /* ShopItemFrame.swift */; };
		ABDC744C286D79DB0016DEBF /* ColorFullCircle.swift in Sources */ = {isa = PBXBuildFile; fileRef = ABDC744B286D79DB0016DEBF /* ColorFullCircle.swift */; };
		ABDC744E286D87730016DEBF /* ManLookingThroughBackOfCard.swift in Sources */ = {isa = PBXBuildFile; fileRef = ABDC744D286D87730016DEBF /* ManLookingThroughBackOfCard.swift */; };
		ABDC7450286D87BA0016DEBF /* ActionBackOfCard.swift in Sources */ = {isa = PBXBuildFile; fileRef = ABDC744F286D87BA0016DEBF /* ActionBackOfCard.swift */; };
		ABDC7452286DA1810016DEBF /* WantedPosterTurnDisplayer.swift in Sources */ = {isa = PBXBuildFile; fileRef = ABDC7451286DA1810016DEBF /* WantedPosterTurnDisplayer.swift */; };
		ABDC7454286DA3000016DEBF /* UfoTurnDisplayer.swift in Sources */ = {isa = PBXBuildFile; fileRef = ABDC7453286DA3000016DEBF /* UfoTurnDisplayer.swift */; };
		ABDC7456286DCAD40016DEBF /* WaterfallSettingsView.swift in Sources */ = {isa = PBXBuildFile; fileRef = ABDC7455286DCAD40016DEBF /* WaterfallSettingsView.swift */; };
		ABDC745C286EF01C0016DEBF /* WaterfallViewModel.swift in Sources */ = {isa = PBXBuildFile; fileRef = ABDC745B286EF01C0016DEBF /* WaterfallViewModel.swift */; };
		ABDDB7D52860603000935B55 /* QuestionCardStack.swift in Sources */ = {isa = PBXBuildFile; fileRef = ABDDB7D42860603000935B55 /* QuestionCardStack.swift */; };
		ABDDB7D72860677A00935B55 /* PlayingCardStack.swift in Sources */ = {isa = PBXBuildFile; fileRef = ABDDB7D62860677A00935B55 /* PlayingCardStack.swift */; };
		ABE3D2C92876E9DE00DF39D7 /* Cosmetics.swift in Sources */ = {isa = PBXBuildFile; fileRef = AB3BE1C32875A7E200D438BB /* Cosmetics.swift */; };
		ABE3D2CA2876E9DE00DF39D7 /* SlapTheQueenRules.swift in Sources */ = {isa = PBXBuildFile; fileRef = AB34675D284F8462006B312F /* SlapTheQueenRules.swift */; };
		ABE3D2CB2876E9DE00DF39D7 /* QuestionCardStack.swift in Sources */ = {isa = PBXBuildFile; fileRef = ABDDB7D42860603000935B55 /* QuestionCardStack.swift */; };
		ABE3D2CC2876E9DE00DF39D7 /* ShopItem.swift in Sources */ = {isa = PBXBuildFile; fileRef = ABDC743F286CAA4C0016DEBF /* ShopItem.swift */; };
		ABE3D2CD2876E9DE00DF39D7 /* QuestionCardsStackView.swift in Sources */ = {isa = PBXBuildFile; fileRef = AB346743284F244C006B312F /* QuestionCardsStackView.swift */; };
		ABE3D2CE2876E9DE00DF39D7 /* ColorFullCircle.swift in Sources */ = {isa = PBXBuildFile; fileRef = ABDC744B286D79DB0016DEBF /* ColorFullCircle.swift */; };
		ABE3D2CF2876E9DE00DF39D7 /* UfoTurnDisplayer.swift in Sources */ = {isa = PBXBuildFile; fileRef = ABDC7453286DA3000016DEBF /* UfoTurnDisplayer.swift */; };
		ABE3D2D02876E9DE00DF39D7 /* RuleItemsView.swift in Sources */ = {isa = PBXBuildFile; fileRef = AB3BE1B8287412B300D438BB /* RuleItemsView.swift */; };
		ABE3D2D12876E9DE00DF39D7 /* ContentView.swift in Sources */ = {isa = PBXBuildFile; fileRef = AB346737284F23FF006B312F /* ContentView.swift */; };
		ABE3D2D22876E9DE00DF39D7 /* QuestionGameRules.swift in Sources */ = {isa = PBXBuildFile; fileRef = AB9DCCA0285C67D90091185F /* QuestionGameRules.swift */; };
		ABE3D2D32876E9DE00DF39D7 /* QuestionDeck.swift in Sources */ = {isa = PBXBuildFile; fileRef = AB346747284F2DAF006B312F /* QuestionDeck.swift */; };
		ABE3D2D42876E9DE00DF39D7 /* PlayingCardStack.swift in Sources */ = {isa = PBXBuildFile; fileRef = ABDDB7D62860677A00935B55 /* PlayingCardStack.swift */; };
		ABE3D2D52876E9DE00DF39D7 /* CosmeticViews.swift in Sources */ = {isa = PBXBuildFile; fileRef = AB3BE1BC287471E300D438BB /* CosmeticViews.swift */; };
		ABE3D2D62876E9DE00DF39D7 /* QuestionGame.swift in Sources */ = {isa = PBXBuildFile; fileRef = AB9DCCA3285C8AF20091185F /* QuestionGame.swift */; };
		ABE3D2D72876E9DE00DF39D7 /* SlapTheQueenGame.swift in Sources */ = {isa = PBXBuildFile; fileRef = AB34675B284F7065006B312F /* SlapTheQueenGame.swift */; };
		ABE3D2D82876E9DE00DF39D7 /* WaterfallCustomization.swift in Sources */ = {isa = PBXBuildFile; fileRef = AB463F2E28644CE200C8056E /* WaterfallCustomization.swift */; };
		ABE3D2D92876E9DE00DF39D7 /* ManLookingThroughBackOfCard.swift in Sources */ = {isa = PBXBuildFile; fileRef = ABDC744D286D87730016DEBF /* ManLookingThroughBackOfCard.swift */; };
		ABE3D2DA2876E9DE00DF39D7 /* WaterfallHandsView.swift in Sources */ = {isa = PBXBuildFile; fileRef = AB8C4973286C35F400EA9CAC /* WaterfallHandsView.swift */; };
		ABE3D2DB2876E9DE00DF39D7 /* PartyGamesApp.swift in Sources */ = {isa = PBXBuildFile; fileRef = AB346735284F23FF006B312F /* PartyGamesApp.swift */; };
		ABE3D2DC2876E9DE00DF39D7 /* WaterfallGame.swift in Sources */ = {isa = PBXBuildFile; fileRef = AB463F2C28644C2700C8056E /* WaterfallGame.swift */; };
		ABE3D2DD2876E9DE00DF39D7 /* Player.swift in Sources */ = {isa = PBXBuildFile; fileRef = AB346757284F66DD006B312F /* Player.swift */; };
		ABE3D2DE2876E9DE00DF39D7 /* SlapTheQueenGameOver.swift in Sources */ = {isa = PBXBuildFile; fileRef = AB9DCC8428585C2C0091185F /* SlapTheQueenGameOver.swift */; };
		ABE3D2DF2876E9DE00DF39D7 /* QuestionCardView.swift in Sources */ = {isa = PBXBuildFile; fileRef = AB346753284F491B006B312F /* QuestionCardView.swift */; };
		ABE3D2E02876E9DE00DF39D7 /* WaterfallSettingsView.swift in Sources */ = {isa = PBXBuildFile; fileRef = ABDC7455286DCAD40016DEBF /* WaterfallSettingsView.swift */; };
		ABE3D2E12876E9DE00DF39D7 /* QuestionCard.swift in Sources */ = {isa = PBXBuildFile; fileRef = AB346751284F410D006B312F /* QuestionCard.swift */; };
		ABE3D2E22876E9DE00DF39D7 /* SettingsView.swift in Sources */ = {isa = PBXBuildFile; fileRef = AB34676128507D3C006B312F /* SettingsView.swift */; };
		ABE3D2E32876E9DE00DF39D7 /* GameItem.swift in Sources */ = {isa = PBXBuildFile; fileRef = AB9DCC9C2859BD140091185F /* GameItem.swift */; };
		ABE3D2E42876E9DE00DF39D7 /* StandardTurnDisplayer.swift in Sources */ = {isa = PBXBuildFile; fileRef = AB3BE1BE2874757F00D438BB /* StandardTurnDisplayer.swift */; };
		ABE3D2E52876E9DE00DF39D7 /* SmallDisplayBackOfCard.swift in Sources */ = {isa = PBXBuildFile; fileRef = ABDC7447286D75700016DEBF /* SmallDisplayBackOfCard.swift */; };
		ABE3D2E62876E9DE00DF39D7 /* EmojiBackOfCard.swift in Sources */ = {isa = PBXBuildFile; fileRef = ABDC7443286CCBD80016DEBF /* EmojiBackOfCard.swift */; };
		ABE3D2E72876E9DE00DF39D7 /* StandardBackOfCards.swift in Sources */ = {isa = PBXBuildFile; fileRef = AB3BE1C0287476AA00D438BB /* StandardBackOfCards.swift */; };
		ABE3D2E82876E9DE00DF39D7 /* ShopViewModel.swift in Sources */ = {isa = PBXBuildFile; fileRef = AB3BE1BA28746E7A00D438BB /* ShopViewModel.swift */; };
		ABE3D2E92876E9DE00DF39D7 /* Deck.swift in Sources */ = {isa = PBXBuildFile; fileRef = AB34674F284F40DA006B312F /* Deck.swift */; };
		ABE3D2EA2876E9DE00DF39D7 /* Localizable.strings in Sources */ = {isa = PBXBuildFile; fileRef = AB9DCC94285878270091185F /* Localizable.strings */; };
		ABE3D2EB2876E9DE00DF39D7 /* StandardCustomization.swift in Sources */ = {isa = PBXBuildFile; fileRef = AB346755284F6478006B312F /* StandardCustomization.swift */; };
		ABE3D2EC2876E9DE00DF39D7 /* Filled.swift in Sources */ = {isa = PBXBuildFile; fileRef = AB9DCC972858A0C30091185F /* Filled.swift */; };
		ABE3D2ED2876E9DE00DF39D7 /* MainMenu.swift in Sources */ = {isa = PBXBuildFile; fileRef = AB9DCC9A2859BAA00091185F /* MainMenu.swift */; };
		ABE3D2EE2876E9DE00DF39D7 /* GradientBackOfCard.swift in Sources */ = {isa = PBXBuildFile; fileRef = ABDC7445286CCC0D0016DEBF /* GradientBackOfCard.swift */; };
		ABE3D2EF2876E9DE00DF39D7 /* SmallNumberAndType.swift in Sources */ = {isa = PBXBuildFile; fileRef = AB34675F284F8BAF006B312F /* SmallNumberAndType.swift */; };
		ABE3D2F02876E9DE00DF39D7 /* SlapTheQueenGameView.swift in Sources */ = {isa = PBXBuildFile; fileRef = AB34674D284F365A006B312F /* SlapTheQueenGameView.swift */; };
		ABE3D2F12876E9DE00DF39D7 /* ShopView.swift in Sources */ = {isa = PBXBuildFile; fileRef = AB463F3628649F3500C8056E /* ShopView.swift */; };
		ABE3D2F22876E9DE00DF39D7 /* WaterfallGameView.swift in Sources */ = {isa = PBXBuildFile; fileRef = AB463F3228649E0700C8056E /* WaterfallGameView.swift */; };
		ABE3D2F32876E9DE00DF39D7 /* CardView.swift in Sources */ = {isa = PBXBuildFile; fileRef = AB346749284F2E10006B312F /* CardView.swift */; };
		ABE3D2F42876E9DE00DF39D7 /* MyNameIsTurnDisplay.swift in Sources */ = {isa = PBXBuildFile; fileRef = AB51A1B2286C7CF60047631E /* MyNameIsTurnDisplay.swift */; };
		ABE3D2F52876E9DE00DF39D7 /* Card.swift in Sources */ = {isa = PBXBuildFile; fileRef = AB346745284F2D66006B312F /* Card.swift */; };
		ABE3D2F62876E9DE00DF39D7 /* SmallShopItemView.swift in Sources */ = {isa = PBXBuildFile; fileRef = AB51A1B5286C9EB50047631E /* SmallShopItemView.swift */; };
		ABE3D2F72876E9DE00DF39D7 /* ShopItemFrame.swift in Sources */ = {isa = PBXBuildFile; fileRef = ABDC7449286D785B0016DEBF /* ShopItemFrame.swift */; };
		ABE3D2F82876E9DE00DF39D7 /* ActionBackOfCard.swift in Sources */ = {isa = PBXBuildFile; fileRef = ABDC744F286D87BA0016DEBF /* ActionBackOfCard.swift */; };
		ABE3D2F92876E9DE00DF39D7 /* WaterfallRules.swift in Sources */ = {isa = PBXBuildFile; fileRef = AB463F3428649E2400C8056E /* WaterfallRules.swift */; };
		ABE3D2FA2876E9DE00DF39D7 /* WaterfallViewModel.swift in Sources */ = {isa = PBXBuildFile; fileRef = ABDC745B286EF01C0016DEBF /* WaterfallViewModel.swift */; };
		ABE3D2FB2876E9DE00DF39D7 /* WantedPosterTurnDisplayer.swift in Sources */ = {isa = PBXBuildFile; fileRef = ABDC7451286DA1810016DEBF /* WantedPosterTurnDisplayer.swift */; };
		ABE3D2FD2876E9DE00DF39D7 /* libPods-PartyGames.a in Frameworks */ = {isa = PBXBuildFile; fileRef = 1820B561B18CA6B875DE05D5 /* libPods-PartyGames.a */; };
		ABE3D3002876E9DE00DF39D7 /* Podfile in Resources */ = {isa = PBXBuildFile; fileRef = AB301CC72869DFDE0054DAE5 /* Podfile */; };
		ABE3D3012876E9DE00DF39D7 /* PressStart2P-Regular.ttf in Resources */ = {isa = PBXBuildFile; fileRef = AB9DCC8A28586EF00091185F /* PressStart2P-Regular.ttf */; };
		ABE3D3022876E9DE00DF39D7 /* Preview Assets.xcassets in Resources */ = {isa = PBXBuildFile; fileRef = AB34673C284F2401006B312F /* Preview Assets.xcassets */; };
		ABE3D3032876E9DE00DF39D7 /* Assets.xcassets in Resources */ = {isa = PBXBuildFile; fileRef = AB346739284F2401006B312F /* Assets.xcassets */; };
		ABE3D3042876E9DE00DF39D7 /* Inconsolata.ttf in Resources */ = {isa = PBXBuildFile; fileRef = AB9DCC9E2859C4100091185F /* Inconsolata.ttf */; };
		ABEAF94E2897E78200F2A907 /* Dices.swift in Sources */ = {isa = PBXBuildFile; fileRef = ABEAF94D2897E78200F2A907 /* Dices.swift */; };
		ABEAF9502897EC4000F2A907 /* DiceFaceUI.swift in Sources */ = {isa = PBXBuildFile; fileRef = AB23BAF42897D2840041179B /* DiceFaceUI.swift */; };
		ABEAF9512897EC5600F2A907 /* Dices.swift in Sources */ = {isa = PBXBuildFile; fileRef = ABEAF94D2897E78200F2A907 /* Dices.swift */; };
		ABEAF9522897FA0400F2A907 /* ColorExtention.swift in Sources */ = {isa = PBXBuildFile; fileRef = AB30D6622897BFE5002511DC /* ColorExtention.swift */; };
		E2A1653CBC6D67E5958EFCA6 /* libPods-PartyGamesTests.a in Frameworks */ = {isa = PBXBuildFile; fileRef = 4CED2DABFCCD7DC4CAB90E5A /* libPods-PartyGamesTests.a */; };
/* End PBXBuildFile section */

/* Begin PBXContainerItemProxy section */
		AB3B97792862FD0500216EA2 /* PBXContainerItemProxy */ = {
			isa = PBXContainerItemProxy;
			containerPortal = AB34672A284F23FF006B312F /* Project object */;
			proxyType = 1;
			remoteGlobalIDString = AB346731284F23FF006B312F;
			remoteInfo = PartyGames;
		};
/* End PBXContainerItemProxy section */

/* Begin PBXFileReference section */
		1820B561B18CA6B875DE05D5 /* libPods-PartyGames.a */ = {isa = PBXFileReference; explicitFileType = archive.ar; includeInIndex = 0; path = "libPods-PartyGames.a"; sourceTree = BUILT_PRODUCTS_DIR; };
		4CED2DABFCCD7DC4CAB90E5A /* libPods-PartyGamesTests.a */ = {isa = PBXFileReference; explicitFileType = archive.ar; includeInIndex = 0; path = "libPods-PartyGamesTests.a"; sourceTree = BUILT_PRODUCTS_DIR; };
		AB0E9FCC289801100030C9EE /* DiceForm.swift */ = {isa = PBXFileReference; lastKnownFileType = sourcecode.swift; path = DiceForm.swift; sourceTree = "<group>"; };
		AB23BAF42897D2840041179B /* DiceFaceUI.swift */ = {isa = PBXFileReference; lastKnownFileType = sourcecode.swift; path = DiceFaceUI.swift; sourceTree = "<group>"; };
		AB301CC72869DFDE0054DAE5 /* Podfile */ = {isa = PBXFileReference; fileEncoding = 4; lastKnownFileType = text; path = Podfile; sourceTree = "<group>"; };
		AB30D6622897BFE5002511DC /* ColorExtention.swift */ = {isa = PBXFileReference; lastKnownFileType = sourcecode.swift; path = ColorExtention.swift; sourceTree = "<group>"; };
		AB346732284F23FF006B312F /* PartyGames.app */ = {isa = PBXFileReference; explicitFileType = wrapper.application; includeInIndex = 0; path = PartyGames.app; sourceTree = BUILT_PRODUCTS_DIR; };
		AB346735284F23FF006B312F /* PartyGamesApp.swift */ = {isa = PBXFileReference; lastKnownFileType = sourcecode.swift; path = PartyGamesApp.swift; sourceTree = "<group>"; };
		AB346737284F23FF006B312F /* ContentView.swift */ = {isa = PBXFileReference; lastKnownFileType = sourcecode.swift; path = ContentView.swift; sourceTree = "<group>"; };
		AB346739284F2401006B312F /* Assets.xcassets */ = {isa = PBXFileReference; lastKnownFileType = folder.assetcatalog; path = Assets.xcassets; sourceTree = "<group>"; };
		AB34673C284F2401006B312F /* Preview Assets.xcassets */ = {isa = PBXFileReference; lastKnownFileType = folder.assetcatalog; path = "Preview Assets.xcassets"; sourceTree = "<group>"; };
		AB346743284F244C006B312F /* QuestionCardsStackView.swift */ = {isa = PBXFileReference; lastKnownFileType = sourcecode.swift; path = QuestionCardsStackView.swift; sourceTree = "<group>"; };
		AB346745284F2D66006B312F /* Card.swift */ = {isa = PBXFileReference; lastKnownFileType = sourcecode.swift; path = Card.swift; sourceTree = "<group>"; };
		AB346747284F2DAF006B312F /* QuestionDeck.swift */ = {isa = PBXFileReference; lastKnownFileType = sourcecode.swift; path = QuestionDeck.swift; sourceTree = "<group>"; };
		AB346749284F2E10006B312F /* CardView.swift */ = {isa = PBXFileReference; lastKnownFileType = sourcecode.swift; path = CardView.swift; sourceTree = "<group>"; };
		AB34674D284F365A006B312F /* SlapTheQueenGameView.swift */ = {isa = PBXFileReference; lastKnownFileType = sourcecode.swift; path = SlapTheQueenGameView.swift; sourceTree = "<group>"; };
		AB34674F284F40DA006B312F /* Deck.swift */ = {isa = PBXFileReference; lastKnownFileType = sourcecode.swift; path = Deck.swift; sourceTree = "<group>"; };
		AB346751284F410D006B312F /* QuestionCard.swift */ = {isa = PBXFileReference; lastKnownFileType = sourcecode.swift; path = QuestionCard.swift; sourceTree = "<group>"; };
		AB346753284F491B006B312F /* QuestionCardView.swift */ = {isa = PBXFileReference; lastKnownFileType = sourcecode.swift; path = QuestionCardView.swift; sourceTree = "<group>"; };
		AB346755284F6478006B312F /* StandardCustomization.swift */ = {isa = PBXFileReference; lastKnownFileType = sourcecode.swift; path = StandardCustomization.swift; sourceTree = "<group>"; };
		AB346757284F66DD006B312F /* Player.swift */ = {isa = PBXFileReference; lastKnownFileType = sourcecode.swift; path = Player.swift; sourceTree = "<group>"; };
		AB34675B284F7065006B312F /* SlapTheQueenGame.swift */ = {isa = PBXFileReference; lastKnownFileType = sourcecode.swift; path = SlapTheQueenGame.swift; sourceTree = "<group>"; };
		AB34675D284F8462006B312F /* SlapTheQueenRules.swift */ = {isa = PBXFileReference; lastKnownFileType = sourcecode.swift; path = SlapTheQueenRules.swift; sourceTree = "<group>"; };
		AB34675F284F8BAF006B312F /* SmallNumberAndType.swift */ = {isa = PBXFileReference; lastKnownFileType = sourcecode.swift; path = SmallNumberAndType.swift; sourceTree = "<group>"; };
		AB34676128507D3C006B312F /* SettingsView.swift */ = {isa = PBXFileReference; lastKnownFileType = sourcecode.swift; path = SettingsView.swift; sourceTree = "<group>"; };
		AB3B97752862FD0500216EA2 /* PartyGamesTests.xctest */ = {isa = PBXFileReference; explicitFileType = wrapper.cfbundle; includeInIndex = 0; path = PartyGamesTests.xctest; sourceTree = BUILT_PRODUCTS_DIR; };
		AB3B97772862FD0500216EA2 /* PlayingCardTests.swift */ = {isa = PBXFileReference; lastKnownFileType = sourcecode.swift; path = PlayingCardTests.swift; sourceTree = "<group>"; };
		AB3BE1B8287412B300D438BB /* RuleItemsView.swift */ = {isa = PBXFileReference; lastKnownFileType = sourcecode.swift; path = RuleItemsView.swift; sourceTree = "<group>"; };
		AB3BE1BA28746E7A00D438BB /* ShopViewModel.swift */ = {isa = PBXFileReference; lastKnownFileType = sourcecode.swift; path = ShopViewModel.swift; sourceTree = "<group>"; };
		AB3BE1BC287471E300D438BB /* CosmeticViews.swift */ = {isa = PBXFileReference; lastKnownFileType = sourcecode.swift; path = CosmeticViews.swift; sourceTree = "<group>"; };
		AB3BE1BE2874757F00D438BB /* StandardTurnDisplayer.swift */ = {isa = PBXFileReference; lastKnownFileType = sourcecode.swift; path = StandardTurnDisplayer.swift; sourceTree = "<group>"; };
		AB3BE1C0287476AA00D438BB /* StandardBackOfCards.swift */ = {isa = PBXFileReference; lastKnownFileType = sourcecode.swift; path = StandardBackOfCards.swift; sourceTree = "<group>"; };
		AB3BE1C32875A7E200D438BB /* Cosmetics.swift */ = {isa = PBXFileReference; lastKnownFileType = sourcecode.swift; path = Cosmetics.swift; sourceTree = "<group>"; };
		AB45D4172897A60E008FC6A9 /* DicesGameView.swift */ = {isa = PBXFileReference; lastKnownFileType = sourcecode.swift; path = DicesGameView.swift; sourceTree = "<group>"; };
		AB45D41A2897A620008FC6A9 /* DicesGame.swift */ = {isa = PBXFileReference; lastKnownFileType = sourcecode.swift; path = DicesGame.swift; sourceTree = "<group>"; };
		AB463F292863298900C8056E /* QuestionGameTests.swift */ = {isa = PBXFileReference; lastKnownFileType = sourcecode.swift; path = QuestionGameTests.swift; sourceTree = "<group>"; };
		AB463F2C28644C2700C8056E /* WaterfallGame.swift */ = {isa = PBXFileReference; lastKnownFileType = sourcecode.swift; path = WaterfallGame.swift; sourceTree = "<group>"; };
		AB463F2E28644CE200C8056E /* WaterfallCustomization.swift */ = {isa = PBXFileReference; lastKnownFileType = sourcecode.swift; path = WaterfallCustomization.swift; sourceTree = "<group>"; };
		AB463F3228649E0700C8056E /* WaterfallGameView.swift */ = {isa = PBXFileReference; lastKnownFileType = sourcecode.swift; path = WaterfallGameView.swift; sourceTree = "<group>"; };
		AB463F3428649E2400C8056E /* WaterfallRules.swift */ = {isa = PBXFileReference; lastKnownFileType = sourcecode.swift; path = WaterfallRules.swift; sourceTree = "<group>"; };
		AB463F3628649F3500C8056E /* ShopView.swift */ = {isa = PBXFileReference; lastKnownFileType = sourcecode.swift; path = ShopView.swift; sourceTree = "<group>"; };
		AB51A1B2286C7CF60047631E /* MyNameIsTurnDisplay.swift */ = {isa = PBXFileReference; lastKnownFileType = sourcecode.swift; path = MyNameIsTurnDisplay.swift; sourceTree = "<group>"; };
		AB51A1B5286C9EB50047631E /* SmallShopItemView.swift */ = {isa = PBXFileReference; lastKnownFileType = sourcecode.swift; path = SmallShopItemView.swift; sourceTree = "<group>"; };
		AB8C4973286C35F400EA9CAC /* WaterfallHandsView.swift */ = {isa = PBXFileReference; lastKnownFileType = sourcecode.swift; path = WaterfallHandsView.swift; sourceTree = "<group>"; };
		AB946402289935AB001717E7 /* DicesRules.swift */ = {isa = PBXFileReference; lastKnownFileType = sourcecode.swift; path = DicesRules.swift; sourceTree = "<group>"; };
		AB9DCC8428585C2C0091185F /* SlapTheQueenGameOver.swift */ = {isa = PBXFileReference; lastKnownFileType = sourcecode.swift; path = SlapTheQueenGameOver.swift; sourceTree = "<group>"; };
		AB9DCC8A28586EF00091185F /* PressStart2P-Regular.ttf */ = {isa = PBXFileReference; lastKnownFileType = file; name = "PressStart2P-Regular.ttf"; path = "../../../../../Downloads/Press_Start_2P/PressStart2P-Regular.ttf"; sourceTree = "<group>"; };
		AB9DCC8C2858716F0091185F /* Info.plist */ = {isa = PBXFileReference; lastKnownFileType = text.plist; path = Info.plist; sourceTree = "<group>"; };
		AB9DCC93285878270091185F /* en */ = {isa = PBXFileReference; lastKnownFileType = text.plist.strings; name = en; path = en.lproj/Localizable.strings; sourceTree = "<group>"; };
		AB9DCC952858789F0091185F /* da */ = {isa = PBXFileReference; lastKnownFileType = text.plist.strings; name = da; path = da.lproj/Localizable.strings; sourceTree = "<group>"; };
		AB9DCC972858A0C30091185F /* Filled.swift */ = {isa = PBXFileReference; lastKnownFileType = sourcecode.swift; path = Filled.swift; sourceTree = "<group>"; };
		AB9DCC9A2859BAA00091185F /* MainMenu.swift */ = {isa = PBXFileReference; lastKnownFileType = sourcecode.swift; path = MainMenu.swift; sourceTree = "<group>"; };
		AB9DCC9C2859BD140091185F /* GameItem.swift */ = {isa = PBXFileReference; lastKnownFileType = sourcecode.swift; path = GameItem.swift; sourceTree = "<group>"; };
		AB9DCC9E2859C4100091185F /* Inconsolata.ttf */ = {isa = PBXFileReference; lastKnownFileType = file; name = Inconsolata.ttf; path = ../../../../../Downloads/Inconsolata/Inconsolata.ttf; sourceTree = "<group>"; };
		AB9DCCA0285C67D90091185F /* QuestionGameRules.swift */ = {isa = PBXFileReference; lastKnownFileType = sourcecode.swift; path = QuestionGameRules.swift; sourceTree = "<group>"; };
		AB9DCCA3285C8AF20091185F /* QuestionGame.swift */ = {isa = PBXFileReference; lastKnownFileType = sourcecode.swift; path = QuestionGame.swift; sourceTree = "<group>"; };
		ABDC743F286CAA4C0016DEBF /* ShopItem.swift */ = {isa = PBXFileReference; lastKnownFileType = sourcecode.swift; path = ShopItem.swift; sourceTree = "<group>"; };
		ABDC7443286CCBD80016DEBF /* EmojiBackOfCard.swift */ = {isa = PBXFileReference; lastKnownFileType = sourcecode.swift; path = EmojiBackOfCard.swift; sourceTree = "<group>"; };
		ABDC7445286CCC0D0016DEBF /* GradientBackOfCard.swift */ = {isa = PBXFileReference; lastKnownFileType = sourcecode.swift; path = GradientBackOfCard.swift; sourceTree = "<group>"; };
		ABDC7447286D75700016DEBF /* SmallDisplayBackOfCard.swift */ = {isa = PBXFileReference; lastKnownFileType = sourcecode.swift; path = SmallDisplayBackOfCard.swift; sourceTree = "<group>"; };
		ABDC7449286D785B0016DEBF /* ShopItemFrame.swift */ = {isa = PBXFileReference; lastKnownFileType = sourcecode.swift; path = ShopItemFrame.swift; sourceTree = "<group>"; };
		ABDC744B286D79DB0016DEBF /* ColorFullCircle.swift */ = {isa = PBXFileReference; lastKnownFileType = sourcecode.swift; path = ColorFullCircle.swift; sourceTree = "<group>"; };
		ABDC744D286D87730016DEBF /* ManLookingThroughBackOfCard.swift */ = {isa = PBXFileReference; lastKnownFileType = sourcecode.swift; path = ManLookingThroughBackOfCard.swift; sourceTree = "<group>"; };
		ABDC744F286D87BA0016DEBF /* ActionBackOfCard.swift */ = {isa = PBXFileReference; lastKnownFileType = sourcecode.swift; path = ActionBackOfCard.swift; sourceTree = "<group>"; };
		ABDC7451286DA1810016DEBF /* WantedPosterTurnDisplayer.swift */ = {isa = PBXFileReference; lastKnownFileType = sourcecode.swift; path = WantedPosterTurnDisplayer.swift; sourceTree = "<group>"; };
		ABDC7453286DA3000016DEBF /* UfoTurnDisplayer.swift */ = {isa = PBXFileReference; lastKnownFileType = sourcecode.swift; path = UfoTurnDisplayer.swift; sourceTree = "<group>"; };
		ABDC7455286DCAD40016DEBF /* WaterfallSettingsView.swift */ = {isa = PBXFileReference; lastKnownFileType = sourcecode.swift; path = WaterfallSettingsView.swift; sourceTree = "<group>"; };
		ABDC745B286EF01C0016DEBF /* WaterfallViewModel.swift */ = {isa = PBXFileReference; lastKnownFileType = sourcecode.swift; path = WaterfallViewModel.swift; sourceTree = "<group>"; };
		ABDDB7D42860603000935B55 /* QuestionCardStack.swift */ = {isa = PBXFileReference; lastKnownFileType = sourcecode.swift; path = QuestionCardStack.swift; sourceTree = "<group>"; };
		ABDDB7D62860677A00935B55 /* PlayingCardStack.swift */ = {isa = PBXFileReference; lastKnownFileType = sourcecode.swift; path = PlayingCardStack.swift; sourceTree = "<group>"; };
		ABE3D3082876E9DE00DF39D7 /* PartyGames BETA.app */ = {isa = PBXFileReference; explicitFileType = wrapper.application; includeInIndex = 0; path = "PartyGames BETA.app"; sourceTree = BUILT_PRODUCTS_DIR; };
		ABEAF94D2897E78200F2A907 /* Dices.swift */ = {isa = PBXFileReference; lastKnownFileType = sourcecode.swift; path = Dices.swift; sourceTree = "<group>"; };
		B0A95B7A810F90680D0525AE /* Pods-PartyGamesTests.release.xcconfig */ = {isa = PBXFileReference; includeInIndex = 1; lastKnownFileType = text.xcconfig; name = "Pods-PartyGamesTests.release.xcconfig"; path = "Target Support Files/Pods-PartyGamesTests/Pods-PartyGamesTests.release.xcconfig"; sourceTree = "<group>"; };
		DB7A20107167DC8F73D1DFA4 /* Pods-PartyGames.debug.xcconfig */ = {isa = PBXFileReference; includeInIndex = 1; lastKnownFileType = text.xcconfig; name = "Pods-PartyGames.debug.xcconfig"; path = "Target Support Files/Pods-PartyGames/Pods-PartyGames.debug.xcconfig"; sourceTree = "<group>"; };
		E41D895DD10ECE7EB3F6E7B0 /* Pods-PartyGamesTests.debug.xcconfig */ = {isa = PBXFileReference; includeInIndex = 1; lastKnownFileType = text.xcconfig; name = "Pods-PartyGamesTests.debug.xcconfig"; path = "Target Support Files/Pods-PartyGamesTests/Pods-PartyGamesTests.debug.xcconfig"; sourceTree = "<group>"; };
		E7AE64770DE3389AEA4A2CB9 /* Pods-PartyGames.release.xcconfig */ = {isa = PBXFileReference; includeInIndex = 1; lastKnownFileType = text.xcconfig; name = "Pods-PartyGames.release.xcconfig"; path = "Target Support Files/Pods-PartyGames/Pods-PartyGames.release.xcconfig"; sourceTree = "<group>"; };
/* End PBXFileReference section */

/* Begin PBXFrameworksBuildPhase section */
		AB34672F284F23FF006B312F /* Frameworks */ = {
			isa = PBXFrameworksBuildPhase;
			buildActionMask = 2147483647;
			files = (
				46C77C2CCF2EE2A9862595EF /* libPods-PartyGames.a in Frameworks */,
			);
			runOnlyForDeploymentPostprocessing = 0;
		};
		AB3B97722862FD0500216EA2 /* Frameworks */ = {
			isa = PBXFrameworksBuildPhase;
			buildActionMask = 2147483647;
			files = (
				E2A1653CBC6D67E5958EFCA6 /* libPods-PartyGamesTests.a in Frameworks */,
			);
			runOnlyForDeploymentPostprocessing = 0;
		};
		ABE3D2FC2876E9DE00DF39D7 /* Frameworks */ = {
			isa = PBXFrameworksBuildPhase;
			buildActionMask = 2147483647;
			files = (
				ABE3D2FD2876E9DE00DF39D7 /* libPods-PartyGames.a in Frameworks */,
			);
			runOnlyForDeploymentPostprocessing = 0;
		};
/* End PBXFrameworksBuildPhase section */

/* Begin PBXGroup section */
		35F74446CE12C3A0698A5CC7 /* Pods */ = {
			isa = PBXGroup;
			children = (
				AB301CC72869DFDE0054DAE5 /* Podfile */,
				DB7A20107167DC8F73D1DFA4 /* Pods-PartyGames.debug.xcconfig */,
				E7AE64770DE3389AEA4A2CB9 /* Pods-PartyGames.release.xcconfig */,
				E41D895DD10ECE7EB3F6E7B0 /* Pods-PartyGamesTests.debug.xcconfig */,
				B0A95B7A810F90680D0525AE /* Pods-PartyGamesTests.release.xcconfig */,
			);
			path = Pods;
			sourceTree = "<group>";
		};
		AB23BAF32897D2790041179B /* Dice */ = {
			isa = PBXGroup;
			children = (
				AB23BAF42897D2840041179B /* DiceFaceUI.swift */,
				AB0E9FCC289801100030C9EE /* DiceForm.swift */,
			);
			path = Dice;
			sourceTree = "<group>";
		};
		AB30D6612897BFD1002511DC /* Extentions */ = {
			isa = PBXGroup;
			children = (
				AB30D6622897BFE5002511DC /* ColorExtention.swift */,
			);
			name = Extentions;
			path = Protocols/Extentions;
			sourceTree = "<group>";
		};
		AB346729284F23FF006B312F = {
			isa = PBXGroup;
			children = (
				AB346734284F23FF006B312F /* PartyGames */,
				AB3B97762862FD0500216EA2 /* PartyGamesTests */,
				AB346733284F23FF006B312F /* Products */,
				35F74446CE12C3A0698A5CC7 /* Pods */,
				CE9837A1F42D1A029BFBE036 /* Frameworks */,
			);
			sourceTree = "<group>";
		};
		AB346733284F23FF006B312F /* Products */ = {
			isa = PBXGroup;
			children = (
				AB346732284F23FF006B312F /* PartyGames.app */,
				AB3B97752862FD0500216EA2 /* PartyGamesTests.xctest */,
				ABE3D3082876E9DE00DF39D7 /* PartyGames BETA.app */,
			);
			name = Products;
			sourceTree = "<group>";
		};
		AB346734284F23FF006B312F /* PartyGames */ = {
			isa = PBXGroup;
			children = (
				AB30D6612897BFD1002511DC /* Extentions */,
				AB3BE1C22875A7D100D438BB /* Protocols */,
				ABDC745A286EF00F0016DEBF /* ViewModels */,
				AB9DCC8C2858716F0091185F /* Info.plist */,
				AB9DCC992859BA7E0091185F /* MainMenu */,
				AB34675A284F6F3B006B312F /* Games */,
				AB346759284F6F29006B312F /* Shared */,
				AB346735284F23FF006B312F /* PartyGamesApp.swift */,
				AB346737284F23FF006B312F /* ContentView.swift */,
				AB9DCC8928586EBF0091185F /* Styles */,
				AB346739284F2401006B312F /* Assets.xcassets */,
				AB34673B284F2401006B312F /* Preview Content */,
			);
			path = PartyGames;
			sourceTree = "<group>";
		};
		AB34673B284F2401006B312F /* Preview Content */ = {
			isa = PBXGroup;
			children = (
				AB34673C284F2401006B312F /* Preview Assets.xcassets */,
			);
			path = "Preview Content";
			sourceTree = "<group>";
		};
		AB34674B284F35B4006B312F /* QuestionGame */ = {
			isa = PBXGroup;
			children = (
				AB346747284F2DAF006B312F /* QuestionDeck.swift */,
				AB346743284F244C006B312F /* QuestionCardsStackView.swift */,
				AB346751284F410D006B312F /* QuestionCard.swift */,
				AB346753284F491B006B312F /* QuestionCardView.swift */,
				AB9DCCA0285C67D90091185F /* QuestionGameRules.swift */,
				AB9DCCA3285C8AF20091185F /* QuestionGame.swift */,
			);
			path = QuestionGame;
			sourceTree = "<group>";
		};
		AB34674C284F35E2006B312F /* SlapTheQueen */ = {
			isa = PBXGroup;
			children = (
				AB9DCC8D285875900091185F /* GameOverScene */,
				AB34675D284F8462006B312F /* SlapTheQueenRules.swift */,
				AB34674D284F365A006B312F /* SlapTheQueenGameView.swift */,
				AB34675B284F7065006B312F /* SlapTheQueenGame.swift */,
				AB34675F284F8BAF006B312F /* SmallNumberAndType.swift */,
			);
			path = SlapTheQueen;
			sourceTree = "<group>";
		};
		AB346759284F6F29006B312F /* Shared */ = {
			isa = PBXGroup;
			children = (
				AB51A1B4286C7CFC0047631E /* SmallViews */,
				AB346755284F6478006B312F /* StandardCustomization.swift */,
				AB346757284F66DD006B312F /* Player.swift */,
				AB34674F284F40DA006B312F /* Deck.swift */,
				AB346749284F2E10006B312F /* CardView.swift */,
				AB346745284F2D66006B312F /* Card.swift */,
				AB34676128507D3C006B312F /* SettingsView.swift */,
			);
			path = Shared;
			sourceTree = "<group>";
		};
		AB34675A284F6F3B006B312F /* Games */ = {
			isa = PBXGroup;
			children = (
				AB45D4162897A5FC008FC6A9 /* DicesGame */,
				AB463F2B286449DC00C8056E /* Waterfall */,
				AB34674C284F35E2006B312F /* SlapTheQueen */,
				AB34674B284F35B4006B312F /* QuestionGame */,
			);
			path = Games;
			sourceTree = "<group>";
		};
		AB3B97762862FD0500216EA2 /* PartyGamesTests */ = {
			isa = PBXGroup;
			children = (
				AB463F292863298900C8056E /* QuestionGameTests.swift */,
				AB3B97772862FD0500216EA2 /* PlayingCardTests.swift */,
			);
			path = PartyGamesTests;
			sourceTree = "<group>";
		};
		AB3BE1C22875A7D100D438BB /* Protocols */ = {
			isa = PBXGroup;
			children = (
				ABDDB7D62860677A00935B55 /* PlayingCardStack.swift */,
				ABDDB7D42860603000935B55 /* QuestionCardStack.swift */,
				AB3BE1C32875A7E200D438BB /* Cosmetics.swift */,
				ABEAF94D2897E78200F2A907 /* Dices.swift */,
			);
			path = Protocols;
			sourceTree = "<group>";
		};
		AB45D4162897A5FC008FC6A9 /* DicesGame */ = {
			isa = PBXGroup;
			children = (
				AB946405289935EF001717E7 /* DiceGameRules */,
				AB23BAF32897D2790041179B /* Dice */,
				AB45D4172897A60E008FC6A9 /* DicesGameView.swift */,
				AB45D41A2897A620008FC6A9 /* DicesGame.swift */,
			);
			path = DicesGame;
			sourceTree = "<group>";
		};
		AB463F2B286449DC00C8056E /* Waterfall */ = {
			isa = PBXGroup;
			children = (
				AB463F2C28644C2700C8056E /* WaterfallGame.swift */,
				AB463F2E28644CE200C8056E /* WaterfallCustomization.swift */,
				AB463F3228649E0700C8056E /* WaterfallGameView.swift */,
				AB463F3428649E2400C8056E /* WaterfallRules.swift */,
				AB8C4973286C35F400EA9CAC /* WaterfallHandsView.swift */,
				ABDC7455286DCAD40016DEBF /* WaterfallSettingsView.swift */,
			);
			path = Waterfall;
			sourceTree = "<group>";
		};
		AB51A1B4286C7CFC0047631E /* SmallViews */ = {
			isa = PBXGroup;
			children = (
				ABDC7442286CCBAD0016DEBF /* BackOfCards */,
				ABDC7441286CCB940016DEBF /* TurnDisplay */,
				AB3BE1B8287412B300D438BB /* RuleItemsView.swift */,
			);
			path = SmallViews;
			sourceTree = "<group>";
		};
		AB51A1B7286CA9D70047631E /* Shop */ = {
			isa = PBXGroup;
			children = (
				ABDC7447286D75700016DEBF /* SmallDisplayBackOfCard.swift */,
				AB51A1B5286C9EB50047631E /* SmallShopItemView.swift */,
				ABDC743F286CAA4C0016DEBF /* ShopItem.swift */,
				ABDC7449286D785B0016DEBF /* ShopItemFrame.swift */,
				AB3BE1BA28746E7A00D438BB /* ShopViewModel.swift */,
				AB3BE1BC287471E300D438BB /* CosmeticViews.swift */,
			);
			path = Shop;
			sourceTree = "<group>";
		};
		AB946405289935EF001717E7 /* DiceGameRules */ = {
			isa = PBXGroup;
			children = (
				AB946402289935AB001717E7 /* DicesRules.swift */,
			);
			path = DiceGameRules;
			sourceTree = "<group>";
		};
		AB9DCC8928586EBF0091185F /* Styles */ = {
			isa = PBXGroup;
			children = (
				AB9DCC962858A0B30091185F /* ButtonStyles */,
				AB9DCC8A28586EF00091185F /* PressStart2P-Regular.ttf */,
				AB9DCC9E2859C4100091185F /* Inconsolata.ttf */,
				AB9DCC94285878270091185F /* Localizable.strings */,
			);
			path = Styles;
			sourceTree = "<group>";
		};
		AB9DCC8D285875900091185F /* GameOverScene */ = {
			isa = PBXGroup;
			children = (
				AB9DCC8428585C2C0091185F /* SlapTheQueenGameOver.swift */,
			);
			path = GameOverScene;
			sourceTree = "<group>";
		};
		AB9DCC962858A0B30091185F /* ButtonStyles */ = {
			isa = PBXGroup;
			children = (
				AB9DCC972858A0C30091185F /* Filled.swift */,
			);
			path = ButtonStyles;
			sourceTree = "<group>";
		};
		AB9DCC992859BA7E0091185F /* MainMenu */ = {
			isa = PBXGroup;
			children = (
				AB51A1B7286CA9D70047631E /* Shop */,
				AB9DCC9A2859BAA00091185F /* MainMenu.swift */,
				AB9DCC9C2859BD140091185F /* GameItem.swift */,
				AB463F3628649F3500C8056E /* ShopView.swift */,
			);
			path = MainMenu;
			sourceTree = "<group>";
		};
		ABDC7441286CCB940016DEBF /* TurnDisplay */ = {
			isa = PBXGroup;
			children = (
				AB51A1B2286C7CF60047631E /* MyNameIsTurnDisplay.swift */,
				ABDC7451286DA1810016DEBF /* WantedPosterTurnDisplayer.swift */,
				ABDC7453286DA3000016DEBF /* UfoTurnDisplayer.swift */,
				AB3BE1BE2874757F00D438BB /* StandardTurnDisplayer.swift */,
			);
			path = TurnDisplay;
			sourceTree = "<group>";
		};
		ABDC7442286CCBAD0016DEBF /* BackOfCards */ = {
			isa = PBXGroup;
			children = (
				ABDC7443286CCBD80016DEBF /* EmojiBackOfCard.swift */,
				ABDC7445286CCC0D0016DEBF /* GradientBackOfCard.swift */,
				ABDC744B286D79DB0016DEBF /* ColorFullCircle.swift */,
				ABDC744D286D87730016DEBF /* ManLookingThroughBackOfCard.swift */,
				ABDC744F286D87BA0016DEBF /* ActionBackOfCard.swift */,
				AB3BE1C0287476AA00D438BB /* StandardBackOfCards.swift */,
			);
			path = BackOfCards;
			sourceTree = "<group>";
		};
		ABDC745A286EF00F0016DEBF /* ViewModels */ = {
			isa = PBXGroup;
			children = (
				ABDC745B286EF01C0016DEBF /* WaterfallViewModel.swift */,
			);
			path = ViewModels;
			sourceTree = "<group>";
		};
		CE9837A1F42D1A029BFBE036 /* Frameworks */ = {
			isa = PBXGroup;
			children = (
				1820B561B18CA6B875DE05D5 /* libPods-PartyGames.a */,
				4CED2DABFCCD7DC4CAB90E5A /* libPods-PartyGamesTests.a */,
			);
			name = Frameworks;
			sourceTree = "<group>";
		};
/* End PBXGroup section */

/* Begin PBXNativeTarget section */
		AB346731284F23FF006B312F /* PartyGames */ = {
			isa = PBXNativeTarget;
			buildConfigurationList = AB346740284F2401006B312F /* Build configuration list for PBXNativeTarget "PartyGames" */;
			buildPhases = (
				C7D03609D205F95D2313F76E /* [CP] Check Pods Manifest.lock */,
				AB34672E284F23FF006B312F /* Sources */,
				AB34672F284F23FF006B312F /* Frameworks */,
				AB346730284F23FF006B312F /* Resources */,
			);
			buildRules = (
			);
			dependencies = (
			);
			name = PartyGames;
			packageProductDependencies = (
			);
			productName = PartyGames;
			productReference = AB346732284F23FF006B312F /* PartyGames.app */;
			productType = "com.apple.product-type.application";
		};
		AB3B97742862FD0500216EA2 /* PartyGamesTests */ = {
			isa = PBXNativeTarget;
			buildConfigurationList = AB3B977B2862FD0500216EA2 /* Build configuration list for PBXNativeTarget "PartyGamesTests" */;
			buildPhases = (
				DEF73BC8ED9809611E131E40 /* [CP] Check Pods Manifest.lock */,
				AB3B97712862FD0500216EA2 /* Sources */,
				AB3B97722862FD0500216EA2 /* Frameworks */,
				AB3B97732862FD0500216EA2 /* Resources */,
			);
			buildRules = (
			);
			dependencies = (
				AB3B977A2862FD0500216EA2 /* PBXTargetDependency */,
			);
			name = PartyGamesTests;
			productName = PartyGamesTests;
			productReference = AB3B97752862FD0500216EA2 /* PartyGamesTests.xctest */;
			productType = "com.apple.product-type.bundle.unit-test";
		};
		ABE3D2C42876E9DE00DF39D7 /* PartyGames BETA */ = {
			isa = PBXNativeTarget;
			buildConfigurationList = ABE3D3052876E9DE00DF39D7 /* Build configuration list for PBXNativeTarget "PartyGames BETA" */;
			buildPhases = (
				ABE3D2C72876E9DE00DF39D7 /* [CP] Check Pods Manifest.lock */,
				ABE3D2C82876E9DE00DF39D7 /* Sources */,
				ABE3D2FC2876E9DE00DF39D7 /* Frameworks */,
				ABE3D2FF2876E9DE00DF39D7 /* Resources */,
			);
			buildRules = (
			);
			dependencies = (
			);
			name = "PartyGames BETA";
			packageProductDependencies = (
			);
			productName = PartyGames;
			productReference = ABE3D3082876E9DE00DF39D7 /* PartyGames BETA.app */;
			productType = "com.apple.product-type.application";
		};
/* End PBXNativeTarget section */

/* Begin PBXProject section */
		AB34672A284F23FF006B312F /* Project object */ = {
			isa = PBXProject;
			attributes = {
				BuildIndependentTargetsInParallel = 1;
				LastSwiftUpdateCheck = 1340;
				LastUpgradeCheck = 1330;
				TargetAttributes = {
					AB346731284F23FF006B312F = {
						CreatedOnToolsVersion = 13.3;
					};
					AB3B97742862FD0500216EA2 = {
						CreatedOnToolsVersion = 13.4.1;
						TestTargetID = AB346731284F23FF006B312F;
					};
				};
			};
			buildConfigurationList = AB34672D284F23FF006B312F /* Build configuration list for PBXProject "PartyGames" */;
			compatibilityVersion = "Xcode 13.0";
			developmentRegion = en;
			hasScannedForEncodings = 0;
			knownRegions = (
				en,
				Base,
				da,
			);
			mainGroup = AB346729284F23FF006B312F;
			packageReferences = (
			);
			productRefGroup = AB346733284F23FF006B312F /* Products */;
			projectDirPath = "";
			projectRoot = "";
			targets = (
				AB346731284F23FF006B312F /* PartyGames */,
				AB3B97742862FD0500216EA2 /* PartyGamesTests */,
				ABE3D2C42876E9DE00DF39D7 /* PartyGames BETA */,
			);
		};
/* End PBXProject section */

/* Begin PBXResourcesBuildPhase section */
		AB346730284F23FF006B312F /* Resources */ = {
			isa = PBXResourcesBuildPhase;
			buildActionMask = 2147483647;
			files = (
				AB301CC82869DFDF0054DAE5 /* Podfile in Resources */,
				AB9DCC8B28586EF00091185F /* PressStart2P-Regular.ttf in Resources */,
				AB34673D284F2401006B312F /* Preview Assets.xcassets in Resources */,
				AB34673A284F2401006B312F /* Assets.xcassets in Resources */,
				AB9DCC9F2859C4100091185F /* Inconsolata.ttf in Resources */,
			);
			runOnlyForDeploymentPostprocessing = 0;
		};
		AB3B97732862FD0500216EA2 /* Resources */ = {
			isa = PBXResourcesBuildPhase;
			buildActionMask = 2147483647;
			files = (
			);
			runOnlyForDeploymentPostprocessing = 0;
		};
		ABE3D2FF2876E9DE00DF39D7 /* Resources */ = {
			isa = PBXResourcesBuildPhase;
			buildActionMask = 2147483647;
			files = (
				ABE3D3002876E9DE00DF39D7 /* Podfile in Resources */,
				ABE3D3012876E9DE00DF39D7 /* PressStart2P-Regular.ttf in Resources */,
				ABE3D3022876E9DE00DF39D7 /* Preview Assets.xcassets in Resources */,
				ABE3D3032876E9DE00DF39D7 /* Assets.xcassets in Resources */,
				ABE3D3042876E9DE00DF39D7 /* Inconsolata.ttf in Resources */,
			);
			runOnlyForDeploymentPostprocessing = 0;
		};
/* End PBXResourcesBuildPhase section */

/* Begin PBXShellScriptBuildPhase section */
		ABE3D2C72876E9DE00DF39D7 /* [CP] Check Pods Manifest.lock */ = {
			isa = PBXShellScriptBuildPhase;
			buildActionMask = 2147483647;
			files = (
			);
			inputFileListPaths = (
			);
			inputPaths = (
				"${PODS_PODFILE_DIR_PATH}/Podfile.lock",
				"${PODS_ROOT}/Manifest.lock",
			);
			name = "[CP] Check Pods Manifest.lock";
			outputFileListPaths = (
			);
			outputPaths = (
				"$(DERIVED_FILE_DIR)/Pods-PartyGames-checkManifestLockResult.txt",
			);
			runOnlyForDeploymentPostprocessing = 0;
			shellPath = /bin/sh;
			shellScript = "diff \"${PODS_PODFILE_DIR_PATH}/Podfile.lock\" \"${PODS_ROOT}/Manifest.lock\" > /dev/null\nif [ $? != 0 ] ; then\n    # print error to STDERR\n    echo \"error: The sandbox is not in sync with the Podfile.lock. Run 'pod install' or update your CocoaPods installation.\" >&2\n    exit 1\nfi\n# This output is used by Xcode 'outputs' to avoid re-running this script phase.\necho \"SUCCESS\" > \"${SCRIPT_OUTPUT_FILE_0}\"\n";
			showEnvVarsInLog = 0;
		};
		C7D03609D205F95D2313F76E /* [CP] Check Pods Manifest.lock */ = {
			isa = PBXShellScriptBuildPhase;
			buildActionMask = 2147483647;
			files = (
			);
			inputFileListPaths = (
			);
			inputPaths = (
				"${PODS_PODFILE_DIR_PATH}/Podfile.lock",
				"${PODS_ROOT}/Manifest.lock",
			);
			name = "[CP] Check Pods Manifest.lock";
			outputFileListPaths = (
			);
			outputPaths = (
				"$(DERIVED_FILE_DIR)/Pods-PartyGames-checkManifestLockResult.txt",
			);
			runOnlyForDeploymentPostprocessing = 0;
			shellPath = /bin/sh;
			shellScript = "diff \"${PODS_PODFILE_DIR_PATH}/Podfile.lock\" \"${PODS_ROOT}/Manifest.lock\" > /dev/null\nif [ $? != 0 ] ; then\n    # print error to STDERR\n    echo \"error: The sandbox is not in sync with the Podfile.lock. Run 'pod install' or update your CocoaPods installation.\" >&2\n    exit 1\nfi\n# This output is used by Xcode 'outputs' to avoid re-running this script phase.\necho \"SUCCESS\" > \"${SCRIPT_OUTPUT_FILE_0}\"\n";
			showEnvVarsInLog = 0;
		};
		DEF73BC8ED9809611E131E40 /* [CP] Check Pods Manifest.lock */ = {
			isa = PBXShellScriptBuildPhase;
			buildActionMask = 2147483647;
			files = (
			);
			inputFileListPaths = (
			);
			inputPaths = (
				"${PODS_PODFILE_DIR_PATH}/Podfile.lock",
				"${PODS_ROOT}/Manifest.lock",
			);
			name = "[CP] Check Pods Manifest.lock";
			outputFileListPaths = (
			);
			outputPaths = (
				"$(DERIVED_FILE_DIR)/Pods-PartyGamesTests-checkManifestLockResult.txt",
			);
			runOnlyForDeploymentPostprocessing = 0;
			shellPath = /bin/sh;
			shellScript = "diff \"${PODS_PODFILE_DIR_PATH}/Podfile.lock\" \"${PODS_ROOT}/Manifest.lock\" > /dev/null\nif [ $? != 0 ] ; then\n    # print error to STDERR\n    echo \"error: The sandbox is not in sync with the Podfile.lock. Run 'pod install' or update your CocoaPods installation.\" >&2\n    exit 1\nfi\n# This output is used by Xcode 'outputs' to avoid re-running this script phase.\necho \"SUCCESS\" > \"${SCRIPT_OUTPUT_FILE_0}\"\n";
			showEnvVarsInLog = 0;
		};
/* End PBXShellScriptBuildPhase section */

/* Begin PBXSourcesBuildPhase section */
		AB34672E284F23FF006B312F /* Sources */ = {
			isa = PBXSourcesBuildPhase;
			buildActionMask = 2147483647;
			files = (
				AB3BE1C42875A7E200D438BB /* Cosmetics.swift in Sources */,
				AB34675E284F8462006B312F /* SlapTheQueenRules.swift in Sources */,
				ABDDB7D52860603000935B55 /* QuestionCardStack.swift in Sources */,
				ABDC7440286CAA4C0016DEBF /* ShopItem.swift in Sources */,
				AB45D41B2897A620008FC6A9 /* DicesGame.swift in Sources */,
				AB346744284F244C006B312F /* QuestionCardsStackView.swift in Sources */,
				ABDC744C286D79DB0016DEBF /* ColorFullCircle.swift in Sources */,
				AB45D4182897A60E008FC6A9 /* DicesGameView.swift in Sources */,
				ABDC7454286DA3000016DEBF /* UfoTurnDisplayer.swift in Sources */,
				AB3BE1B9287412B300D438BB /* RuleItemsView.swift in Sources */,
				AB346738284F23FF006B312F /* ContentView.swift in Sources */,
				AB9DCCA1285C67D90091185F /* QuestionGameRules.swift in Sources */,
				AB346748284F2DAF006B312F /* QuestionDeck.swift in Sources */,
				ABDDB7D72860677A00935B55 /* PlayingCardStack.swift in Sources */,
				AB3BE1BD287471E300D438BB /* CosmeticViews.swift in Sources */,
				AB9DCCA4285C8AF20091185F /* QuestionGame.swift in Sources */,
				AB946403289935AB001717E7 /* DicesRules.swift in Sources */,
				AB23BAF52897D2840041179B /* DiceFaceUI.swift in Sources */,
				AB34675C284F7065006B312F /* SlapTheQueenGame.swift in Sources */,
				AB463F2F28644CE200C8056E /* WaterfallCustomization.swift in Sources */,
				ABDC744E286D87730016DEBF /* ManLookingThroughBackOfCard.swift in Sources */,
				AB8C4974286C35F400EA9CAC /* WaterfallHandsView.swift in Sources */,
				AB346736284F23FF006B312F /* PartyGamesApp.swift in Sources */,
				ABEAF94E2897E78200F2A907 /* Dices.swift in Sources */,
				AB463F2D28644C2700C8056E /* WaterfallGame.swift in Sources */,
				AB346758284F66DD006B312F /* Player.swift in Sources */,
				AB9DCC8528585C2D0091185F /* SlapTheQueenGameOver.swift in Sources */,
				AB346754284F491B006B312F /* QuestionCardView.swift in Sources */,
				ABDC7456286DCAD40016DEBF /* WaterfallSettingsView.swift in Sources */,
				AB346752284F410D006B312F /* QuestionCard.swift in Sources */,
				AB34676228507D3C006B312F /* SettingsView.swift in Sources */,
				AB9DCC9D2859BD140091185F /* GameItem.swift in Sources */,
				AB3BE1BF2874757F00D438BB /* StandardTurnDisplayer.swift in Sources */,
				ABDC7448286D75700016DEBF /* SmallDisplayBackOfCard.swift in Sources */,
				ABDC7444286CCBD80016DEBF /* EmojiBackOfCard.swift in Sources */,
				AB3BE1C1287476AA00D438BB /* StandardBackOfCards.swift in Sources */,
				AB3BE1BB28746E7A00D438BB /* ShopViewModel.swift in Sources */,
				AB346750284F40DA006B312F /* Deck.swift in Sources */,
				AB9DCC92285878270091185F /* Localizable.strings in Sources */,
				AB30D6632897BFE5002511DC /* ColorExtention.swift in Sources */,
				AB346756284F6478006B312F /* StandardCustomization.swift in Sources */,
				AB9DCC982858A0C30091185F /* Filled.swift in Sources */,
				AB9DCC9B2859BAA00091185F /* MainMenu.swift in Sources */,
				ABDC7446286CCC0D0016DEBF /* GradientBackOfCard.swift in Sources */,
				AB346760284F8BAF006B312F /* SmallNumberAndType.swift in Sources */,
				AB34674E284F365A006B312F /* SlapTheQueenGameView.swift in Sources */,
				AB463F3728649F3500C8056E /* ShopView.swift in Sources */,
				AB463F3328649E0700C8056E /* WaterfallGameView.swift in Sources */,
				AB34674A284F2E10006B312F /* CardView.swift in Sources */,
				AB51A1B3286C7CF60047631E /* MyNameIsTurnDisplay.swift in Sources */,
				AB346746284F2D66006B312F /* Card.swift in Sources */,
				AB51A1B6286C9EB50047631E /* SmallShopItemView.swift in Sources */,
				AB0E9FCD289801100030C9EE /* DiceForm.swift in Sources */,
				ABDC744A286D785C0016DEBF /* ShopItemFrame.swift in Sources */,
				ABDC7450286D87BA0016DEBF /* ActionBackOfCard.swift in Sources */,
				AB463F3528649E2400C8056E /* WaterfallRules.swift in Sources */,
				ABDC745C286EF01C0016DEBF /* WaterfallViewModel.swift in Sources */,
				ABDC7452286DA1810016DEBF /* WantedPosterTurnDisplayer.swift in Sources */,
			);
			runOnlyForDeploymentPostprocessing = 0;
		};
		AB3B97712862FD0500216EA2 /* Sources */ = {
			isa = PBXSourcesBuildPhase;
			buildActionMask = 2147483647;
			files = (
				AB3B97782862FD0500216EA2 /* PlayingCardTests.swift in Sources */,
				AB463F2A2863298900C8056E /* QuestionGameTests.swift in Sources */,
			);
			runOnlyForDeploymentPostprocessing = 0;
		};
		ABE3D2C82876E9DE00DF39D7 /* Sources */ = {
			isa = PBXSourcesBuildPhase;
			buildActionMask = 2147483647;
			files = (
				ABE3D2C92876E9DE00DF39D7 /* Cosmetics.swift in Sources */,
				ABE3D2CA2876E9DE00DF39D7 /* SlapTheQueenRules.swift in Sources */,
				ABE3D2CB2876E9DE00DF39D7 /* QuestionCardStack.swift in Sources */,
				ABE3D2CC2876E9DE00DF39D7 /* ShopItem.swift in Sources */,
				AB45D41C2897A620008FC6A9 /* DicesGame.swift in Sources */,
				ABE3D2CD2876E9DE00DF39D7 /* QuestionCardsStackView.swift in Sources */,
				ABE3D2CE2876E9DE00DF39D7 /* ColorFullCircle.swift in Sources */,
				AB45D4192897A60E008FC6A9 /* DicesGameView.swift in Sources */,
				ABE3D2CF2876E9DE00DF39D7 /* UfoTurnDisplayer.swift in Sources */,
				ABE3D2D02876E9DE00DF39D7 /* RuleItemsView.swift in Sources */,
				ABE3D2D12876E9DE00DF39D7 /* ContentView.swift in Sources */,
				ABEAF9512897EC5600F2A907 /* Dices.swift in Sources */,
				ABE3D2D22876E9DE00DF39D7 /* QuestionGameRules.swift in Sources */,
				ABE3D2D32876E9DE00DF39D7 /* QuestionDeck.swift in Sources */,
				ABE3D2D42876E9DE00DF39D7 /* PlayingCardStack.swift in Sources */,
				ABE3D2D52876E9DE00DF39D7 /* CosmeticViews.swift in Sources */,
				AB946404289935AB001717E7 /* DicesRules.swift in Sources */,
				ABE3D2D62876E9DE00DF39D7 /* QuestionGame.swift in Sources */,
				ABE3D2D72876E9DE00DF39D7 /* SlapTheQueenGame.swift in Sources */,
				ABE3D2D82876E9DE00DF39D7 /* WaterfallCustomization.swift in Sources */,
				ABE3D2D92876E9DE00DF39D7 /* ManLookingThroughBackOfCard.swift in Sources */,
				ABEAF9522897FA0400F2A907 /* ColorExtention.swift in Sources */,
				ABEAF9502897EC4000F2A907 /* DiceFaceUI.swift in Sources */,
				ABE3D2DA2876E9DE00DF39D7 /* WaterfallHandsView.swift in Sources */,
				ABE3D2DB2876E9DE00DF39D7 /* PartyGamesApp.swift in Sources */,
				ABE3D2DC2876E9DE00DF39D7 /* WaterfallGame.swift in Sources */,
				ABE3D2DD2876E9DE00DF39D7 /* Player.swift in Sources */,
				ABE3D2DE2876E9DE00DF39D7 /* SlapTheQueenGameOver.swift in Sources */,
				ABE3D2DF2876E9DE00DF39D7 /* QuestionCardView.swift in Sources */,
				ABE3D2E02876E9DE00DF39D7 /* WaterfallSettingsView.swift in Sources */,
				ABE3D2E12876E9DE00DF39D7 /* QuestionCard.swift in Sources */,
				ABE3D2E22876E9DE00DF39D7 /* SettingsView.swift in Sources */,
				ABE3D2E32876E9DE00DF39D7 /* GameItem.swift in Sources */,
				ABE3D2E42876E9DE00DF39D7 /* StandardTurnDisplayer.swift in Sources */,
				ABE3D2E52876E9DE00DF39D7 /* SmallDisplayBackOfCard.swift in Sources */,
				ABE3D2E62876E9DE00DF39D7 /* EmojiBackOfCard.swift in Sources */,
				ABE3D2E72876E9DE00DF39D7 /* StandardBackOfCards.swift in Sources */,
				ABE3D2E82876E9DE00DF39D7 /* ShopViewModel.swift in Sources */,
				ABE3D2E92876E9DE00DF39D7 /* Deck.swift in Sources */,
				ABE3D2EA2876E9DE00DF39D7 /* Localizable.strings in Sources */,
				ABE3D2EB2876E9DE00DF39D7 /* StandardCustomization.swift in Sources */,
				ABE3D2EC2876E9DE00DF39D7 /* Filled.swift in Sources */,
				ABE3D2ED2876E9DE00DF39D7 /* MainMenu.swift in Sources */,
				ABE3D2EE2876E9DE00DF39D7 /* GradientBackOfCard.swift in Sources */,
				ABE3D2EF2876E9DE00DF39D7 /* SmallNumberAndType.swift in Sources */,
				ABE3D2F02876E9DE00DF39D7 /* SlapTheQueenGameView.swift in Sources */,
				ABE3D2F12876E9DE00DF39D7 /* ShopView.swift in Sources */,
				ABE3D2F22876E9DE00DF39D7 /* WaterfallGameView.swift in Sources */,
				ABE3D2F32876E9DE00DF39D7 /* CardView.swift in Sources */,
				ABE3D2F42876E9DE00DF39D7 /* MyNameIsTurnDisplay.swift in Sources */,
				ABE3D2F52876E9DE00DF39D7 /* Card.swift in Sources */,
				ABE3D2F62876E9DE00DF39D7 /* SmallShopItemView.swift in Sources */,
				AB0E9FCE289801100030C9EE /* DiceForm.swift in Sources */,
				ABE3D2F72876E9DE00DF39D7 /* ShopItemFrame.swift in Sources */,
				ABE3D2F82876E9DE00DF39D7 /* ActionBackOfCard.swift in Sources */,
				ABE3D2F92876E9DE00DF39D7 /* WaterfallRules.swift in Sources */,
				ABE3D2FA2876E9DE00DF39D7 /* WaterfallViewModel.swift in Sources */,
				ABE3D2FB2876E9DE00DF39D7 /* WantedPosterTurnDisplayer.swift in Sources */,
			);
			runOnlyForDeploymentPostprocessing = 0;
		};
/* End PBXSourcesBuildPhase section */

/* Begin PBXTargetDependency section */
		AB3B977A2862FD0500216EA2 /* PBXTargetDependency */ = {
			isa = PBXTargetDependency;
			target = AB346731284F23FF006B312F /* PartyGames */;
			targetProxy = AB3B97792862FD0500216EA2 /* PBXContainerItemProxy */;
		};
/* End PBXTargetDependency section */

/* Begin PBXVariantGroup section */
		AB9DCC94285878270091185F /* Localizable.strings */ = {
			isa = PBXVariantGroup;
			children = (
				AB9DCC93285878270091185F /* en */,
				AB9DCC952858789F0091185F /* da */,
			);
			name = Localizable.strings;
			sourceTree = "<group>";
		};
/* End PBXVariantGroup section */

/* Begin XCBuildConfiguration section */
		AB34673E284F2401006B312F /* Debug */ = {
			isa = XCBuildConfiguration;
			buildSettings = {
				ALWAYS_SEARCH_USER_PATHS = NO;
				CLANG_ANALYZER_LOCALIZABILITY_NONLOCALIZED = YES;
				CLANG_ANALYZER_NONNULL = YES;
				CLANG_ANALYZER_NUMBER_OBJECT_CONVERSION = YES_AGGRESSIVE;
				CLANG_CXX_LANGUAGE_STANDARD = "gnu++17";
				CLANG_ENABLE_MODULES = YES;
				CLANG_ENABLE_OBJC_ARC = YES;
				CLANG_ENABLE_OBJC_WEAK = YES;
				CLANG_WARN_BLOCK_CAPTURE_AUTORELEASING = YES;
				CLANG_WARN_BOOL_CONVERSION = YES;
				CLANG_WARN_COMMA = YES;
				CLANG_WARN_CONSTANT_CONVERSION = YES;
				CLANG_WARN_DEPRECATED_OBJC_IMPLEMENTATIONS = YES;
				CLANG_WARN_DIRECT_OBJC_ISA_USAGE = YES_ERROR;
				CLANG_WARN_DOCUMENTATION_COMMENTS = YES;
				CLANG_WARN_EMPTY_BODY = YES;
				CLANG_WARN_ENUM_CONVERSION = YES;
				CLANG_WARN_INFINITE_RECURSION = YES;
				CLANG_WARN_INT_CONVERSION = YES;
				CLANG_WARN_NON_LITERAL_NULL_CONVERSION = YES;
				CLANG_WARN_OBJC_IMPLICIT_RETAIN_SELF = YES;
				CLANG_WARN_OBJC_LITERAL_CONVERSION = YES;
				CLANG_WARN_OBJC_ROOT_CLASS = YES_ERROR;
				CLANG_WARN_QUOTED_INCLUDE_IN_FRAMEWORK_HEADER = YES;
				CLANG_WARN_RANGE_LOOP_ANALYSIS = YES;
				CLANG_WARN_STRICT_PROTOTYPES = YES;
				CLANG_WARN_SUSPICIOUS_MOVE = YES;
				CLANG_WARN_UNGUARDED_AVAILABILITY = YES_AGGRESSIVE;
				CLANG_WARN_UNREACHABLE_CODE = YES;
				CLANG_WARN__DUPLICATE_METHOD_MATCH = YES;
				COPY_PHASE_STRIP = NO;
				DEBUG_INFORMATION_FORMAT = dwarf;
				ENABLE_STRICT_OBJC_MSGSEND = YES;
				ENABLE_TESTABILITY = YES;
				GCC_C_LANGUAGE_STANDARD = gnu11;
				GCC_DYNAMIC_NO_PIC = NO;
				GCC_NO_COMMON_BLOCKS = YES;
				GCC_OPTIMIZATION_LEVEL = 0;
				GCC_PREPROCESSOR_DEFINITIONS = (
					"DEBUG=1",
					"$(inherited)",
				);
				GCC_WARN_64_TO_32_BIT_CONVERSION = YES;
				GCC_WARN_ABOUT_RETURN_TYPE = YES_ERROR;
				GCC_WARN_UNDECLARED_SELECTOR = YES;
				GCC_WARN_UNINITIALIZED_AUTOS = YES_AGGRESSIVE;
				GCC_WARN_UNUSED_FUNCTION = YES;
				GCC_WARN_UNUSED_VARIABLE = YES;
				IPHONEOS_DEPLOYMENT_TARGET = 15.4;
				MTL_ENABLE_DEBUG_INFO = INCLUDE_SOURCE;
				MTL_FAST_MATH = YES;
				ONLY_ACTIVE_ARCH = YES;
				SDKROOT = iphoneos;
				SWIFT_ACTIVE_COMPILATION_CONDITIONS = DEBUG;
				SWIFT_OPTIMIZATION_LEVEL = "-Onone";
			};
			name = Debug;
		};
		AB34673F284F2401006B312F /* Release */ = {
			isa = XCBuildConfiguration;
			buildSettings = {
				ALWAYS_SEARCH_USER_PATHS = NO;
				CLANG_ANALYZER_LOCALIZABILITY_NONLOCALIZED = YES;
				CLANG_ANALYZER_NONNULL = YES;
				CLANG_ANALYZER_NUMBER_OBJECT_CONVERSION = YES_AGGRESSIVE;
				CLANG_CXX_LANGUAGE_STANDARD = "gnu++17";
				CLANG_ENABLE_MODULES = YES;
				CLANG_ENABLE_OBJC_ARC = YES;
				CLANG_ENABLE_OBJC_WEAK = YES;
				CLANG_WARN_BLOCK_CAPTURE_AUTORELEASING = YES;
				CLANG_WARN_BOOL_CONVERSION = YES;
				CLANG_WARN_COMMA = YES;
				CLANG_WARN_CONSTANT_CONVERSION = YES;
				CLANG_WARN_DEPRECATED_OBJC_IMPLEMENTATIONS = YES;
				CLANG_WARN_DIRECT_OBJC_ISA_USAGE = YES_ERROR;
				CLANG_WARN_DOCUMENTATION_COMMENTS = YES;
				CLANG_WARN_EMPTY_BODY = YES;
				CLANG_WARN_ENUM_CONVERSION = YES;
				CLANG_WARN_INFINITE_RECURSION = YES;
				CLANG_WARN_INT_CONVERSION = YES;
				CLANG_WARN_NON_LITERAL_NULL_CONVERSION = YES;
				CLANG_WARN_OBJC_IMPLICIT_RETAIN_SELF = YES;
				CLANG_WARN_OBJC_LITERAL_CONVERSION = YES;
				CLANG_WARN_OBJC_ROOT_CLASS = YES_ERROR;
				CLANG_WARN_QUOTED_INCLUDE_IN_FRAMEWORK_HEADER = YES;
				CLANG_WARN_RANGE_LOOP_ANALYSIS = YES;
				CLANG_WARN_STRICT_PROTOTYPES = YES;
				CLANG_WARN_SUSPICIOUS_MOVE = YES;
				CLANG_WARN_UNGUARDED_AVAILABILITY = YES_AGGRESSIVE;
				CLANG_WARN_UNREACHABLE_CODE = YES;
				CLANG_WARN__DUPLICATE_METHOD_MATCH = YES;
				COPY_PHASE_STRIP = NO;
				DEBUG_INFORMATION_FORMAT = "dwarf-with-dsym";
				ENABLE_NS_ASSERTIONS = NO;
				ENABLE_STRICT_OBJC_MSGSEND = YES;
				GCC_C_LANGUAGE_STANDARD = gnu11;
				GCC_NO_COMMON_BLOCKS = YES;
				GCC_WARN_64_TO_32_BIT_CONVERSION = YES;
				GCC_WARN_ABOUT_RETURN_TYPE = YES_ERROR;
				GCC_WARN_UNDECLARED_SELECTOR = YES;
				GCC_WARN_UNINITIALIZED_AUTOS = YES_AGGRESSIVE;
				GCC_WARN_UNUSED_FUNCTION = YES;
				GCC_WARN_UNUSED_VARIABLE = YES;
				IPHONEOS_DEPLOYMENT_TARGET = 15.4;
				MTL_ENABLE_DEBUG_INFO = NO;
				MTL_FAST_MATH = YES;
				SDKROOT = iphoneos;
				SWIFT_COMPILATION_MODE = wholemodule;
				SWIFT_OPTIMIZATION_LEVEL = "-O";
				VALIDATE_PRODUCT = YES;
			};
			name = Release;
		};
		AB346741284F2401006B312F /* Debug */ = {
			isa = XCBuildConfiguration;
			baseConfigurationReference = DB7A20107167DC8F73D1DFA4 /* Pods-PartyGames.debug.xcconfig */;
			buildSettings = {
				ASSETCATALOG_COMPILER_APPICON_NAME = AppIcon;
				ASSETCATALOG_COMPILER_GLOBAL_ACCENT_COLOR_NAME = AccentColor;
				CODE_SIGN_STYLE = Automatic;
				CURRENT_PROJECT_VERSION = 1;
				DEVELOPMENT_ASSET_PATHS = "\"PartyGames/Preview Content\"";
				DEVELOPMENT_TEAM = QN87FRUFS2;
				ENABLE_PREVIEWS = YES;
				GENERATE_INFOPLIST_FILE = YES;
				INFOPLIST_FILE = PartyGames/Info.plist;
				INFOPLIST_KEY_CFBundleDisplayName = "XDs Partygames";
				INFOPLIST_KEY_UIApplicationSceneManifest_Generation = YES;
				INFOPLIST_KEY_UIApplicationSupportsIndirectInputEvents = YES;
				INFOPLIST_KEY_UILaunchScreen_Generation = YES;
				INFOPLIST_KEY_UISupportedInterfaceOrientations_iPad = "UIInterfaceOrientationPortrait UIInterfaceOrientationPortraitUpsideDown UIInterfaceOrientationLandscapeLeft UIInterfaceOrientationLandscapeRight";
				INFOPLIST_KEY_UISupportedInterfaceOrientations_iPhone = UIInterfaceOrientationPortrait;
				LD_RUNPATH_SEARCH_PATHS = (
					"$(inherited)",
					"@executable_path/Frameworks",
				);
				MARKETING_VERSION = 1.0;
				PRODUCT_BUNDLE_IDENTIFIER = net.xddevelop.xdspartygames;
				PRODUCT_NAME = "$(TARGET_NAME)";
				SWIFT_EMIT_LOC_STRINGS = YES;
				SWIFT_VERSION = 5.0;
				TARGETED_DEVICE_FAMILY = "1,2";
			};
			name = Debug;
		};
		AB346742284F2401006B312F /* Release */ = {
			isa = XCBuildConfiguration;
			baseConfigurationReference = E7AE64770DE3389AEA4A2CB9 /* Pods-PartyGames.release.xcconfig */;
			buildSettings = {
				ASSETCATALOG_COMPILER_APPICON_NAME = AppIcon;
				ASSETCATALOG_COMPILER_GLOBAL_ACCENT_COLOR_NAME = AccentColor;
				CODE_SIGN_STYLE = Automatic;
				CURRENT_PROJECT_VERSION = 1;
				DEVELOPMENT_ASSET_PATHS = "\"PartyGames/Preview Content\"";
				DEVELOPMENT_TEAM = QN87FRUFS2;
				ENABLE_PREVIEWS = YES;
				GENERATE_INFOPLIST_FILE = YES;
				INFOPLIST_FILE = PartyGames/Info.plist;
				INFOPLIST_KEY_CFBundleDisplayName = "XDs Partygames";
				INFOPLIST_KEY_UIApplicationSceneManifest_Generation = YES;
				INFOPLIST_KEY_UIApplicationSupportsIndirectInputEvents = YES;
				INFOPLIST_KEY_UILaunchScreen_Generation = YES;
				INFOPLIST_KEY_UISupportedInterfaceOrientations_iPad = "UIInterfaceOrientationPortrait UIInterfaceOrientationPortraitUpsideDown UIInterfaceOrientationLandscapeLeft UIInterfaceOrientationLandscapeRight";
				INFOPLIST_KEY_UISupportedInterfaceOrientations_iPhone = UIInterfaceOrientationPortrait;
				LD_RUNPATH_SEARCH_PATHS = (
					"$(inherited)",
					"@executable_path/Frameworks",
				);
				MARKETING_VERSION = 1.0;
				PRODUCT_BUNDLE_IDENTIFIER = net.xddevelop.xdspartygames;
				PRODUCT_NAME = "$(TARGET_NAME)";
				SWIFT_EMIT_LOC_STRINGS = YES;
				SWIFT_VERSION = 5.0;
				TARGETED_DEVICE_FAMILY = "1,2";
			};
			name = Release;
		};
		AB3B977C2862FD0500216EA2 /* Debug */ = {
			isa = XCBuildConfiguration;
			baseConfigurationReference = E41D895DD10ECE7EB3F6E7B0 /* Pods-PartyGamesTests.debug.xcconfig */;
			buildSettings = {
				BUNDLE_LOADER = "$(TEST_HOST)";
				CODE_SIGN_STYLE = Automatic;
				CURRENT_PROJECT_VERSION = 1;
				DEVELOPMENT_TEAM = QN87FRUFS2;
				GENERATE_INFOPLIST_FILE = YES;
				IPHONEOS_DEPLOYMENT_TARGET = 15.5;
				MARKETING_VERSION = 1.0;
				PRODUCT_BUNDLE_IDENTIFIER = XDI.PartyGamesTests;
				PRODUCT_NAME = "$(TARGET_NAME)";
				SWIFT_EMIT_LOC_STRINGS = NO;
				SWIFT_VERSION = 5.0;
				TARGETED_DEVICE_FAMILY = "1,2";
				TEST_HOST = "$(BUILT_PRODUCTS_DIR)/PartyGames.app/PartyGames";
			};
			name = Debug;
		};
		AB3B977D2862FD0500216EA2 /* Release */ = {
			isa = XCBuildConfiguration;
			baseConfigurationReference = B0A95B7A810F90680D0525AE /* Pods-PartyGamesTests.release.xcconfig */;
			buildSettings = {
				BUNDLE_LOADER = "$(TEST_HOST)";
				CODE_SIGN_STYLE = Automatic;
				CURRENT_PROJECT_VERSION = 1;
				DEVELOPMENT_TEAM = QN87FRUFS2;
				GENERATE_INFOPLIST_FILE = YES;
				IPHONEOS_DEPLOYMENT_TARGET = 15.5;
				MARKETING_VERSION = 1.0;
				PRODUCT_BUNDLE_IDENTIFIER = XDI.PartyGamesTests;
				PRODUCT_NAME = "$(TARGET_NAME)";
				SWIFT_EMIT_LOC_STRINGS = NO;
				SWIFT_VERSION = 5.0;
				TARGETED_DEVICE_FAMILY = "1,2";
				TEST_HOST = "$(BUILT_PRODUCTS_DIR)/PartyGames.app/PartyGames";
			};
			name = Release;
		};
		ABE3D3062876E9DE00DF39D7 /* Debug */ = {
			isa = XCBuildConfiguration;
			baseConfigurationReference = DB7A20107167DC8F73D1DFA4 /* Pods-PartyGames.debug.xcconfig */;
			buildSettings = {
				ASSETCATALOG_COMPILER_APPICON_NAME = "AppIcon-Beta";
				ASSETCATALOG_COMPILER_GLOBAL_ACCENT_COLOR_NAME = AccentColor;
				CODE_SIGN_STYLE = Automatic;
				CURRENT_PROJECT_VERSION = 1;
				DEVELOPMENT_ASSET_PATHS = "\"PartyGames/Preview Content\"";
				DEVELOPMENT_TEAM = QN87FRUFS2;
				ENABLE_PREVIEWS = YES;
				GENERATE_INFOPLIST_FILE = YES;
				INFOPLIST_FILE = PartyGames/Info.plist;
				INFOPLIST_KEY_CFBundleDisplayName = "XDs Partygames";
				INFOPLIST_KEY_UIApplicationSceneManifest_Generation = YES;
				INFOPLIST_KEY_UIApplicationSupportsIndirectInputEvents = YES;
				INFOPLIST_KEY_UILaunchScreen_Generation = YES;
				INFOPLIST_KEY_UISupportedInterfaceOrientations_iPad = "UIInterfaceOrientationPortrait UIInterfaceOrientationPortraitUpsideDown UIInterfaceOrientationLandscapeLeft UIInterfaceOrientationLandscapeRight";
				INFOPLIST_KEY_UISupportedInterfaceOrientations_iPhone = UIInterfaceOrientationPortrait;
				LD_RUNPATH_SEARCH_PATHS = (
					"$(inherited)",
					"@executable_path/Frameworks",
				);
				MARKETING_VERSION = 1.0;
				PRODUCT_BUNDLE_IDENTIFIER = net.xddevelop.xdspartygames;
				PRODUCT_NAME = "$(TARGET_NAME)";
				SWIFT_EMIT_LOC_STRINGS = YES;
				SWIFT_VERSION = 5.0;
				TARGETED_DEVICE_FAMILY = "1,2";
			};
			name = Debug;
		};
		ABE3D3072876E9DE00DF39D7 /* Release */ = {
			isa = XCBuildConfiguration;
			baseConfigurationReference = E7AE64770DE3389AEA4A2CB9 /* Pods-PartyGames.release.xcconfig */;
			buildSettings = {
				ASSETCATALOG_COMPILER_APPICON_NAME = "AppIcon-Beta";
				ASSETCATALOG_COMPILER_GLOBAL_ACCENT_COLOR_NAME = AccentColor;
				CODE_SIGN_STYLE = Automatic;
				CURRENT_PROJECT_VERSION = 1;
				DEVELOPMENT_ASSET_PATHS = "\"PartyGames/Preview Content\"";
				DEVELOPMENT_TEAM = QN87FRUFS2;
				ENABLE_PREVIEWS = YES;
				GENERATE_INFOPLIST_FILE = YES;
				INFOPLIST_FILE = PartyGames/Info.plist;
				INFOPLIST_KEY_CFBundleDisplayName = "XDs Partygames";
				INFOPLIST_KEY_UIApplicationSceneManifest_Generation = YES;
				INFOPLIST_KEY_UIApplicationSupportsIndirectInputEvents = YES;
				INFOPLIST_KEY_UILaunchScreen_Generation = YES;
				INFOPLIST_KEY_UISupportedInterfaceOrientations_iPad = "UIInterfaceOrientationPortrait UIInterfaceOrientationPortraitUpsideDown UIInterfaceOrientationLandscapeLeft UIInterfaceOrientationLandscapeRight";
				INFOPLIST_KEY_UISupportedInterfaceOrientations_iPhone = UIInterfaceOrientationPortrait;
				LD_RUNPATH_SEARCH_PATHS = (
					"$(inherited)",
					"@executable_path/Frameworks",
				);
				MARKETING_VERSION = 1.0;
				PRODUCT_BUNDLE_IDENTIFIER = net.xddevelop.xdspartygames;
				PRODUCT_NAME = "$(TARGET_NAME)";
				SWIFT_EMIT_LOC_STRINGS = YES;
				SWIFT_VERSION = 5.0;
				TARGETED_DEVICE_FAMILY = "1,2";
			};
			name = Release;
		};
/* End XCBuildConfiguration section */

/* Begin XCConfigurationList section */
		AB34672D284F23FF006B312F /* Build configuration list for PBXProject "PartyGames" */ = {
			isa = XCConfigurationList;
			buildConfigurations = (
				AB34673E284F2401006B312F /* Debug */,
				AB34673F284F2401006B312F /* Release */,
			);
			defaultConfigurationIsVisible = 0;
			defaultConfigurationName = Release;
		};
		AB346740284F2401006B312F /* Build configuration list for PBXNativeTarget "PartyGames" */ = {
			isa = XCConfigurationList;
			buildConfigurations = (
				AB346741284F2401006B312F /* Debug */,
				AB346742284F2401006B312F /* Release */,
			);
			defaultConfigurationIsVisible = 0;
			defaultConfigurationName = Release;
		};
		AB3B977B2862FD0500216EA2 /* Build configuration list for PBXNativeTarget "PartyGamesTests" */ = {
			isa = XCConfigurationList;
			buildConfigurations = (
				AB3B977C2862FD0500216EA2 /* Debug */,
				AB3B977D2862FD0500216EA2 /* Release */,
			);
			defaultConfigurationIsVisible = 0;
			defaultConfigurationName = Release;
		};
		ABE3D3052876E9DE00DF39D7 /* Build configuration list for PBXNativeTarget "PartyGames BETA" */ = {
			isa = XCConfigurationList;
			buildConfigurations = (
				ABE3D3062876E9DE00DF39D7 /* Debug */,
				ABE3D3072876E9DE00DF39D7 /* Release */,
			);
			defaultConfigurationIsVisible = 0;
			defaultConfigurationName = Release;
		};
/* End XCConfigurationList section */
	};
	rootObject = AB34672A284F23FF006B312F /* Project object */;
}
